// !$*UTF8*$!
{
	archiveVersion = 1;
	classes = {
	};
	objectVersion = 48;
	objects = {

/* Begin PBXBuildFile section */
		3408D19E21D729780038405D /* AppDelegate.swift in Sources */ = {isa = PBXBuildFile; fileRef = 3408D19D21D729780038405D /* AppDelegate.swift */; };
		3408D1A021D729780038405D /* ViewController.swift in Sources */ = {isa = PBXBuildFile; fileRef = 3408D19F21D729780038405D /* ViewController.swift */; };
		3408D1A521D729780038405D /* Assets.xcassets in Resources */ = {isa = PBXBuildFile; fileRef = 3408D1A421D729780038405D /* Assets.xcassets */; };
		3408D1A821D729780038405D /* LaunchScreen.storyboard in Resources */ = {isa = PBXBuildFile; fileRef = 3408D1A621D729780038405D /* LaunchScreen.storyboard */; };
		34544AB821D75B3700E4E776 /* DispatchAfterViewController.swift in Sources */ = {isa = PBXBuildFile; fileRef = 34544AB721D75B3700E4E776 /* DispatchAfterViewController.swift */; };
		34544ABA21D79EF300E4E776 /* DispatchGroupViewController.swift in Sources */ = {isa = PBXBuildFile; fileRef = 34544AB921D79EF300E4E776 /* DispatchGroupViewController.swift */; };
		34544ABC21D7ABC100E4E776 /* DispatchBarrierViewController.swift in Sources */ = {isa = PBXBuildFile; fileRef = 34544ABB21D7ABC100E4E776 /* DispatchBarrierViewController.swift */; };
		34544ABE21D7BB1800E4E776 /* DispatchApplyViewController.swift in Sources */ = {isa = PBXBuildFile; fileRef = 34544ABD21D7BB1800E4E776 /* DispatchApplyViewController.swift */; };
		345E648B21D7369B00B34943 /* DispatchQueueViewController.swift in Sources */ = {isa = PBXBuildFile; fileRef = 345E648A21D7369B00B34943 /* DispatchQueueViewController.swift */; };
		345E648D21D7416700B34943 /* DispatchGlobalViewController.swift in Sources */ = {isa = PBXBuildFile; fileRef = 345E648C21D7416700B34943 /* DispatchGlobalViewController.swift */; };
		345E648F21D748A400B34943 /* DispatchTargetViewController.swift in Sources */ = {isa = PBXBuildFile; fileRef = 345E648E21D748A400B34943 /* DispatchTargetViewController.swift */; };
		347DCC2E21D89A17007AA369 /* DispatchSyncViewController.swift in Sources */ = {isa = PBXBuildFile; fileRef = 347DCC2D21D89A17007AA369 /* DispatchSyncViewController.swift */; };
		347DCC3021D8A176007AA369 /* DispatchSuspendViewController.swift in Sources */ = {isa = PBXBuildFile; fileRef = 347DCC2F21D8A176007AA369 /* DispatchSuspendViewController.swift */; };
		347DCC3221D8A972007AA369 /* DispatchSemaphoreViewController.swift in Sources */ = {isa = PBXBuildFile; fileRef = 347DCC3121D8A971007AA369 /* DispatchSemaphoreViewController.swift */; };
		966A7E4C76F56C9BBD4DC9C5 /* libPods-GcdDownload.a in Frameworks */ = {isa = PBXBuildFile; fileRef = 0279981CEE564F8267D2BCBF /* libPods-GcdDownload.a */; };
/* End PBXBuildFile section */

/* Begin PBXFileReference section */
		0279981CEE564F8267D2BCBF /* libPods-GcdDownload.a */ = {isa = PBXFileReference; explicitFileType = archive.ar; includeInIndex = 0; path = "libPods-GcdDownload.a"; sourceTree = BUILT_PRODUCTS_DIR; };
		3408D19A21D729780038405D /* GcdExecutor.app */ = {isa = PBXFileReference; explicitFileType = wrapper.application; includeInIndex = 0; path = GcdExecutor.app; sourceTree = BUILT_PRODUCTS_DIR; };
		3408D19D21D729780038405D /* AppDelegate.swift */ = {isa = PBXFileReference; lastKnownFileType = sourcecode.swift; path = AppDelegate.swift; sourceTree = "<group>"; };
		3408D19F21D729780038405D /* ViewController.swift */ = {isa = PBXFileReference; lastKnownFileType = sourcecode.swift; path = ViewController.swift; sourceTree = "<group>"; };
		3408D1A421D729780038405D /* Assets.xcassets */ = {isa = PBXFileReference; lastKnownFileType = folder.assetcatalog; path = Assets.xcassets; sourceTree = "<group>"; };
		3408D1A721D729780038405D /* Base */ = {isa = PBXFileReference; lastKnownFileType = file.storyboard; name = Base; path = Base.lproj/LaunchScreen.storyboard; sourceTree = "<group>"; };
		3408D1A921D729780038405D /* Info.plist */ = {isa = PBXFileReference; lastKnownFileType = text.plist.xml; path = Info.plist; sourceTree = "<group>"; };
		34544AB721D75B3700E4E776 /* DispatchAfterViewController.swift */ = {isa = PBXFileReference; fileEncoding = 4; lastKnownFileType = sourcecode.swift; path = DispatchAfterViewController.swift; sourceTree = "<group>"; };
		34544AB921D79EF300E4E776 /* DispatchGroupViewController.swift */ = {isa = PBXFileReference; fileEncoding = 4; lastKnownFileType = sourcecode.swift; path = DispatchGroupViewController.swift; sourceTree = "<group>"; };
		34544ABB21D7ABC100E4E776 /* DispatchBarrierViewController.swift */ = {isa = PBXFileReference; fileEncoding = 4; lastKnownFileType = sourcecode.swift; path = DispatchBarrierViewController.swift; sourceTree = "<group>"; };
		34544ABD21D7BB1800E4E776 /* DispatchApplyViewController.swift */ = {isa = PBXFileReference; fileEncoding = 4; lastKnownFileType = sourcecode.swift; path = DispatchApplyViewController.swift; sourceTree = "<group>"; };
		345E648A21D7369B00B34943 /* DispatchQueueViewController.swift */ = {isa = PBXFileReference; lastKnownFileType = sourcecode.swift; path = DispatchQueueViewController.swift; sourceTree = "<group>"; };
		345E648C21D7416700B34943 /* DispatchGlobalViewController.swift */ = {isa = PBXFileReference; lastKnownFileType = sourcecode.swift; path = DispatchGlobalViewController.swift; sourceTree = "<group>"; };
		345E648E21D748A400B34943 /* DispatchTargetViewController.swift */ = {isa = PBXFileReference; fileEncoding = 4; lastKnownFileType = sourcecode.swift; path = DispatchTargetViewController.swift; sourceTree = "<group>"; };
		347DCC2D21D89A17007AA369 /* DispatchSyncViewController.swift */ = {isa = PBXFileReference; fileEncoding = 4; lastKnownFileType = sourcecode.swift; path = DispatchSyncViewController.swift; sourceTree = "<group>"; };
		347DCC2F21D8A176007AA369 /* DispatchSuspendViewController.swift */ = {isa = PBXFileReference; fileEncoding = 4; lastKnownFileType = sourcecode.swift; path = DispatchSuspendViewController.swift; sourceTree = "<group>"; };
		347DCC3121D8A971007AA369 /* DispatchSemaphoreViewController.swift */ = {isa = PBXFileReference; fileEncoding = 4; lastKnownFileType = sourcecode.swift; path = DispatchSemaphoreViewController.swift; sourceTree = "<group>"; };
		43D536680A744C97055E9804 /* Pods-GcdDownload.debug.xcconfig */ = {isa = PBXFileReference; includeInIndex = 1; lastKnownFileType = text.xcconfig; name = "Pods-GcdDownload.debug.xcconfig"; path = "Pods/Target Support Files/Pods-GcdDownload/Pods-GcdDownload.debug.xcconfig"; sourceTree = "<group>"; };
		99B8A398B8C10BA6C487F134 /* Pods-GcdDownload.release.xcconfig */ = {isa = PBXFileReference; includeInIndex = 1; lastKnownFileType = text.xcconfig; name = "Pods-GcdDownload.release.xcconfig"; path = "Pods/Target Support Files/Pods-GcdDownload/Pods-GcdDownload.release.xcconfig"; sourceTree = "<group>"; };
/* End PBXFileReference section */

/* Begin PBXFrameworksBuildPhase section */
		3408D19721D729780038405D /* Frameworks */ = {
			isa = PBXFrameworksBuildPhase;
			buildActionMask = 2147483647;
			files = (
				966A7E4C76F56C9BBD4DC9C5 /* libPods-GcdDownload.a in Frameworks */,
			);
			runOnlyForDeploymentPostprocessing = 0;
		};
/* End PBXFrameworksBuildPhase section */

/* Begin PBXGroup section */
		3408D19121D729780038405D = {
			isa = PBXGroup;
			children = (
				3408D19C21D729780038405D /* GcdExecutor */,
				3408D19B21D729780038405D /* Products */,
				AC7767A4F3AB4F4391F65E75 /* Pods */,
				675233643C159AD6AF6EF7A0 /* Frameworks */,
			);
			sourceTree = "<group>";
		};
		3408D19B21D729780038405D /* Products */ = {
			isa = PBXGroup;
			children = (
				3408D19A21D729780038405D /* GcdExecutor.app */,
			);
			name = Products;
			sourceTree = "<group>";
		};
		3408D19C21D729780038405D /* GcdExecutor */ = {
			isa = PBXGroup;
			children = (
				3408D1AF21D72A390038405D /* Gcd */,
				3408D19D21D729780038405D /* AppDelegate.swift */,
				3408D19F21D729780038405D /* ViewController.swift */,
				3408D1A421D729780038405D /* Assets.xcassets */,
				3408D1A621D729780038405D /* LaunchScreen.storyboard */,
				3408D1A921D729780038405D /* Info.plist */,
			);
			path = GcdExecutor;
			sourceTree = "<group>";
		};
		3408D1AF21D72A390038405D /* Gcd */ = {
			isa = PBXGroup;
			children = (
				345E648A21D7369B00B34943 /* DispatchQueueViewController.swift */,
				345E648C21D7416700B34943 /* DispatchGlobalViewController.swift */,
				345E648E21D748A400B34943 /* DispatchTargetViewController.swift */,
				34544AB721D75B3700E4E776 /* DispatchAfterViewController.swift */,
				34544AB921D79EF300E4E776 /* DispatchGroupViewController.swift */,
				34544ABB21D7ABC100E4E776 /* DispatchBarrierViewController.swift */,
				347DCC2D21D89A17007AA369 /* DispatchSyncViewController.swift */,
				34544ABD21D7BB1800E4E776 /* DispatchApplyViewController.swift */,
				347DCC2F21D8A176007AA369 /* DispatchSuspendViewController.swift */,
				347DCC3121D8A971007AA369 /* DispatchSemaphoreViewController.swift */,
			);
			path = Gcd;
			sourceTree = "<group>";
		};
		675233643C159AD6AF6EF7A0 /* Frameworks */ = {
			isa = PBXGroup;
			children = (
				0279981CEE564F8267D2BCBF /* libPods-GcdDownload.a */,
			);
			name = Frameworks;
			sourceTree = "<group>";
		};
		AC7767A4F3AB4F4391F65E75 /* Pods */ = {
			isa = PBXGroup;
			children = (
				43D536680A744C97055E9804 /* Pods-GcdDownload.debug.xcconfig */,
				99B8A398B8C10BA6C487F134 /* Pods-GcdDownload.release.xcconfig */,
			);
			name = Pods;
			sourceTree = "<group>";
		};
/* End PBXGroup section */

/* Begin PBXNativeTarget section */
		3408D19921D729780038405D /* GcdExecutor */ = {
			isa = PBXNativeTarget;
			buildConfigurationList = 3408D1AC21D729780038405D /* Build configuration list for PBXNativeTarget "GcdExecutor" */;
			buildPhases = (
				8290CEF16B3F6226FFA2F083 /* [CP] Check Pods Manifest.lock */,
				3408D19621D729780038405D /* Sources */,
				3408D19721D729780038405D /* Frameworks */,
				3408D19821D729780038405D /* Resources */,
				32343D02BEFCFC0E86D2FCE3 /* [CP] Embed Pods Frameworks */,
				8C2E64422F121ED7B4EB77D1 /* [CP] Copy Pods Resources */,
			);
			buildRules = (
			);
			dependencies = (
			);
			name = GcdExecutor;
			productName = GcdDownload;
			productReference = 3408D19A21D729780038405D /* GcdExecutor.app */;
			productType = "com.apple.product-type.application";
		};
/* End PBXNativeTarget section */

/* Begin PBXProject section */
		3408D19221D729780038405D /* Project object */ = {
			isa = PBXProject;
			attributes = {
				LastSwiftUpdateCheck = 0910;
				LastUpgradeCheck = 0910;
				ORGANIZATIONNAME = BinHuang;
				TargetAttributes = {
					3408D19921D729780038405D = {
						CreatedOnToolsVersion = 9.1;
						ProvisioningStyle = Automatic;
					};
				};
			};
			buildConfigurationList = 3408D19521D729780038405D /* Build configuration list for PBXProject "GcdExecutor" */;
			compatibilityVersion = "Xcode 8.0";
			developmentRegion = en;
			hasScannedForEncodings = 0;
			knownRegions = (
				en,
				Base,
			);
			mainGroup = 3408D19121D729780038405D;
			productRefGroup = 3408D19B21D729780038405D /* Products */;
			projectDirPath = "";
			projectRoot = "";
			targets = (
				3408D19921D729780038405D /* GcdExecutor */,
			);
		};
/* End PBXProject section */

/* Begin PBXResourcesBuildPhase section */
		3408D19821D729780038405D /* Resources */ = {
			isa = PBXResourcesBuildPhase;
			buildActionMask = 2147483647;
			files = (
				3408D1A821D729780038405D /* LaunchScreen.storyboard in Resources */,
				3408D1A521D729780038405D /* Assets.xcassets in Resources */,
			);
			runOnlyForDeploymentPostprocessing = 0;
		};
/* End PBXResourcesBuildPhase section */

/* Begin PBXShellScriptBuildPhase section */
		32343D02BEFCFC0E86D2FCE3 /* [CP] Embed Pods Frameworks */ = {
			isa = PBXShellScriptBuildPhase;
			buildActionMask = 2147483647;
			files = (
			);
			inputPaths = (
			);
			name = "[CP] Embed Pods Frameworks";
			outputPaths = (
			);
			runOnlyForDeploymentPostprocessing = 0;
			shellPath = /bin/sh;
			shellScript = "\"${SRCROOT}/Pods/Target Support Files/Pods-GcdDownload/Pods-GcdDownload-frameworks.sh\"\n";
			showEnvVarsInLog = 0;
		};
		8290CEF16B3F6226FFA2F083 /* [CP] Check Pods Manifest.lock */ = {
			isa = PBXShellScriptBuildPhase;
			buildActionMask = 2147483647;
			files = (
			);
			inputPaths = (
			);
			name = "[CP] Check Pods Manifest.lock";
			outputPaths = (
			);
			runOnlyForDeploymentPostprocessing = 0;
			shellPath = /bin/sh;
			shellScript = "diff \"${PODS_PODFILE_DIR_PATH}/Podfile.lock\" \"${PODS_ROOT}/Manifest.lock\" > /dev/null\nif [ $? != 0 ] ; then\n    # print error to STDERR\n    echo \"error: The sandbox is not in sync with the Podfile.lock. Run 'pod install' or update your CocoaPods installation.\" >&2\n    exit 1\nfi\n";
			showEnvVarsInLog = 0;
		};
		8C2E64422F121ED7B4EB77D1 /* [CP] Copy Pods Resources */ = {
			isa = PBXShellScriptBuildPhase;
			buildActionMask = 2147483647;
			files = (
			);
			inputPaths = (
			);
			name = "[CP] Copy Pods Resources";
			outputPaths = (
			);
			runOnlyForDeploymentPostprocessing = 0;
			shellPath = /bin/sh;
			shellScript = "\"${SRCROOT}/Pods/Target Support Files/Pods-GcdDownload/Pods-GcdDownload-resources.sh\"\n";
			showEnvVarsInLog = 0;
		};
/* End PBXShellScriptBuildPhase section */

/* Begin PBXSourcesBuildPhase section */
		3408D19621D729780038405D /* Sources */ = {
			isa = PBXSourcesBuildPhase;
			buildActionMask = 2147483647;
			files = (
				345E648F21D748A400B34943 /* DispatchTargetViewController.swift in Sources */,
				347DCC2E21D89A17007AA369 /* DispatchSyncViewController.swift in Sources */,
				3408D1A021D729780038405D /* ViewController.swift in Sources */,
				347DCC3221D8A972007AA369 /* DispatchSemaphoreViewController.swift in Sources */,
				34544ABE21D7BB1800E4E776 /* DispatchApplyViewController.swift in Sources */,
				345E648D21D7416700B34943 /* DispatchGlobalViewController.swift in Sources */,
				34544AB821D75B3700E4E776 /* DispatchAfterViewController.swift in Sources */,
				34544ABC21D7ABC100E4E776 /* DispatchBarrierViewController.swift in Sources */,
				347DCC3021D8A176007AA369 /* DispatchSuspendViewController.swift in Sources */,
				345E648B21D7369B00B34943 /* DispatchQueueViewController.swift in Sources */,
				34544ABA21D79EF300E4E776 /* DispatchGroupViewController.swift in Sources */,
				3408D19E21D729780038405D /* AppDelegate.swift in Sources */,
			);
			runOnlyForDeploymentPostprocessing = 0;
		};
/* End PBXSourcesBuildPhase section */

/* Begin PBXVariantGroup section */
		3408D1A621D729780038405D /* LaunchScreen.storyboard */ = {
			isa = PBXVariantGroup;
			children = (
				3408D1A721D729780038405D /* Base */,
			);
			name = LaunchScreen.storyboard;
			sourceTree = "<group>";
		};
/* End PBXVariantGroup section */

/* Begin XCBuildConfiguration section */
		3408D1AA21D729780038405D /* Debug */ = {
			isa = XCBuildConfiguration;
			buildSettings = {
				ALWAYS_SEARCH_USER_PATHS = NO;
				CLANG_ANALYZER_NONNULL = YES;
				CLANG_ANALYZER_NUMBER_OBJECT_CONVERSION = YES_AGGRESSIVE;
				CLANG_CXX_LANGUAGE_STANDARD = "gnu++14";
				CLANG_CXX_LIBRARY = "libc++";
				CLANG_ENABLE_MODULES = YES;
				CLANG_ENABLE_OBJC_ARC = YES;
				CLANG_WARN_BLOCK_CAPTURE_AUTORELEASING = YES;
				CLANG_WARN_BOOL_CONVERSION = YES;
				CLANG_WARN_COMMA = YES;
				CLANG_WARN_CONSTANT_CONVERSION = YES;
				CLANG_WARN_DIRECT_OBJC_ISA_USAGE = YES_ERROR;
				CLANG_WARN_DOCUMENTATION_COMMENTS = YES;
				CLANG_WARN_EMPTY_BODY = YES;
				CLANG_WARN_ENUM_CONVERSION = YES;
				CLANG_WARN_INFINITE_RECURSION = YES;
				CLANG_WARN_INT_CONVERSION = YES;
				CLANG_WARN_NON_LITERAL_NULL_CONVERSION = YES;
				CLANG_WARN_OBJC_LITERAL_CONVERSION = YES;
				CLANG_WARN_OBJC_ROOT_CLASS = YES_ERROR;
				CLANG_WARN_RANGE_LOOP_ANALYSIS = YES;
				CLANG_WARN_STRICT_PROTOTYPES = YES;
				CLANG_WARN_SUSPICIOUS_MOVE = YES;
				CLANG_WARN_UNGUARDED_AVAILABILITY = YES_AGGRESSIVE;
				CLANG_WARN_UNREACHABLE_CODE = YES;
				CLANG_WARN__DUPLICATE_METHOD_MATCH = YES;
				CODE_SIGN_IDENTITY = "iPhone Developer";
				COPY_PHASE_STRIP = NO;
				DEBUG_INFORMATION_FORMAT = dwarf;
				ENABLE_STRICT_OBJC_MSGSEND = YES;
				ENABLE_TESTABILITY = YES;
				GCC_C_LANGUAGE_STANDARD = gnu11;
				GCC_DYNAMIC_NO_PIC = NO;
				GCC_NO_COMMON_BLOCKS = YES;
				GCC_OPTIMIZATION_LEVEL = 0;
				GCC_PREPROCESSOR_DEFINITIONS = (
					"DEBUG=1",
					"$(inherited)",
				);
				GCC_WARN_64_TO_32_BIT_CONVERSION = YES;
				GCC_WARN_ABOUT_RETURN_TYPE = YES_ERROR;
				GCC_WARN_UNDECLARED_SELECTOR = YES;
				GCC_WARN_UNINITIALIZED_AUTOS = YES_AGGRESSIVE;
				GCC_WARN_UNUSED_FUNCTION = YES;
				GCC_WARN_UNUSED_VARIABLE = YES;
				IPHONEOS_DEPLOYMENT_TARGET = 11.1;
				MTL_ENABLE_DEBUG_INFO = YES;
				ONLY_ACTIVE_ARCH = YES;
				SDKROOT = iphoneos;
				SWIFT_ACTIVE_COMPILATION_CONDITIONS = DEBUG;
				SWIFT_OPTIMIZATION_LEVEL = "-Onone";
			};
			name = Debug;
		};
		3408D1AB21D729780038405D /* Release */ = {
			isa = XCBuildConfiguration;
			buildSettings = {
				ALWAYS_SEARCH_USER_PATHS = NO;
				CLANG_ANALYZER_NONNULL = YES;
				CLANG_ANALYZER_NUMBER_OBJECT_CONVERSION = YES_AGGRESSIVE;
				CLANG_CXX_LANGUAGE_STANDARD = "gnu++14";
				CLANG_CXX_LIBRARY = "libc++";
				CLANG_ENABLE_MODULES = YES;
				CLANG_ENABLE_OBJC_ARC = YES;
				CLANG_WARN_BLOCK_CAPTURE_AUTORELEASING = YES;
				CLANG_WARN_BOOL_CONVERSION = YES;
				CLANG_WARN_COMMA = YES;
				CLANG_WARN_CONSTANT_CONVERSION = YES;
				CLANG_WARN_DIRECT_OBJC_ISA_USAGE = YES_ERROR;
				CLANG_WARN_DOCUMENTATION_COMMENTS = YES;
				CLANG_WARN_EMPTY_BODY = YES;
				CLANG_WARN_ENUM_CONVERSION = YES;
				CLANG_WARN_INFINITE_RECURSION = YES;
				CLANG_WARN_INT_CONVERSION = YES;
				CLANG_WARN_NON_LITERAL_NULL_CONVERSION = YES;
				CLANG_WARN_OBJC_LITERAL_CONVERSION = YES;
				CLANG_WARN_OBJC_ROOT_CLASS = YES_ERROR;
				CLANG_WARN_RANGE_LOOP_ANALYSIS = YES;
				CLANG_WARN_STRICT_PROTOTYPES = YES;
				CLANG_WARN_SUSPICIOUS_MOVE = YES;
				CLANG_WARN_UNGUARDED_AVAILABILITY = YES_AGGRESSIVE;
				CLANG_WARN_UNREACHABLE_CODE = YES;
				CLANG_WARN__DUPLICATE_METHOD_MATCH = YES;
				CODE_SIGN_IDENTITY = "iPhone Developer";
				COPY_PHASE_STRIP = NO;
				DEBUG_INFORMATION_FORMAT = "dwarf-with-dsym";
				ENABLE_NS_ASSERTIONS = NO;
				ENABLE_STRICT_OBJC_MSGSEND = YES;
				GCC_C_LANGUAGE_STANDARD = gnu11;
				GCC_NO_COMMON_BLOCKS = YES;
				GCC_WARN_64_TO_32_BIT_CONVERSION = YES;
				GCC_WARN_ABOUT_RETURN_TYPE = YES_ERROR;
				GCC_WARN_UNDECLARED_SELECTOR = YES;
				GCC_WARN_UNINITIALIZED_AUTOS = YES_AGGRESSIVE;
				GCC_WARN_UNUSED_FUNCTION = YES;
				GCC_WARN_UNUSED_VARIABLE = YES;
				IPHONEOS_DEPLOYMENT_TARGET = 11.1;
				MTL_ENABLE_DEBUG_INFO = NO;
				SDKROOT = iphoneos;
				SWIFT_OPTIMIZATION_LEVEL = "-Owholemodule";
				VALIDATE_PRODUCT = YES;
			};
			name = Release;
		};
		3408D1AD21D729780038405D /* Debug */ = {
			isa = XCBuildConfiguration;
			baseConfigurationReference = 43D536680A744C97055E9804 /* Pods-GcdDownload.debug.xcconfig */;
			buildSettings = {
				ASSETCATALOG_COMPILER_APPICON_NAME = AppIcon;
				CODE_SIGN_STYLE = Automatic;
				DEVELOPMENT_TEAM = 32YMLWPCBK;
				INFOPLIST_FILE = GcdExecutor/Info.plist;
				IPHONEOS_DEPLOYMENT_TARGET = 8.0;
				LD_RUNPATH_SEARCH_PATHS = "$(inherited) @executable_path/Frameworks";
				PRODUCT_BUNDLE_IDENTIFIER = com.techtcm.acup.gcd;
				PRODUCT_NAME = "$(TARGET_NAME)";
				SWIFT_VERSION = 4.0;
				TARGETED_DEVICE_FAMILY = 1;
			};
			name = Debug;
		};
		3408D1AE21D729780038405D /* Release */ = {
			isa = XCBuildConfiguration;
			baseConfigurationReference = 99B8A398B8C10BA6C487F134 /* Pods-GcdDownload.release.xcconfig */;
			buildSettings = {
				ASSETCATALOG_COMPILER_APPICON_NAME = AppIcon;
				CODE_SIGN_STYLE = Automatic;
				DEVELOPMENT_TEAM = 32YMLWPCBK;
				INFOPLIST_FILE = GcdExecutor/Info.plist;
				IPHONEOS_DEPLOYMENT_TARGET = 8.0;
				LD_RUNPATH_SEARCH_PATHS = "$(inherited) @executable_path/Frameworks";
				PRODUCT_BUNDLE_IDENTIFIER = com.techtcm.acup.gcd;
				PRODUCT_NAME = "$(TARGET_NAME)";
				SWIFT_VERSION = 4.0;
				TARGETED_DEVICE_FAMILY = 1;
			};
			name = Release;
		};
/* End XCBuildConfiguration section */

/* Begin XCConfigurationList section */
		3408D19521D729780038405D /* Build configuration list for PBXProject "GcdExecutor" */ = {
			isa = XCConfigurationList;
			buildConfigurations = (
				3408D1AA21D729780038405D /* Debug */,
				3408D1AB21D729780038405D /* Release */,
			);
			defaultConfigurationIsVisible = 0;
			defaultConfigurationName = Release;
		};
		3408D1AC21D729780038405D /* Build configuration list for PBXNativeTarget "GcdExecutor" */ = {
			isa = XCConfigurationList;
			buildConfigurations = (
				3408D1AD21D729780038405D /* Debug */,
				3408D1AE21D729780038405D /* Release */,
			);
			defaultConfigurationIsVisible = 0;
			defaultConfigurationName = Release;
		};
/* End XCConfigurationList section */
	};
	rootObject = 3408D19221D729780038405D /* Project object */;
}
